
Microsoft Visual Studio Solution File, Format Version 12.00
# Visual Studio Version 16
VisualStudioVersion = 16.0.32413.511
MinimumVisualStudioVersion = 10.0.40219.1
Project("{FAE04EC0-301F-11D3-BF4B-00C04F79EFBC}") = "SavannahInformaticsStackAssigment", "SavannahInformaticsStackAssigment.csproj", "{8C5D24F6-BCD7-49EC-9F0C-C6DD4C8495CA}"
EndProject
Global
	GlobalSection(SolutionConfigurationPlatforms) = preSolution
		Debug|Any CPU = Debug|Any CPU
		Release|Any CPU = Release|Any CPU
	EndGlobalSection
	GlobalSection(ProjectConfigurationPlatforms) = postSolution
		{8C5D24F6-BCD7-49EC-9F0C-C6DD4C8495CA}.Debug|Any CPU.ActiveCfg = Debug|Any CPU
		{8C5D24F6-BCD7-49EC-9F0C-C6DD4C8495CA}.Debug|Any CPU.Build.0 = Debug|Any CPU
		{8C5D24F6-BCD7-49EC-9F0C-C6DD4C8495CA}.Release|Any CPU.ActiveCfg = Release|Any CPU
		{8C5D24F6-BCD7-49EC-9F0C-C6DD4C8495CA}.Release|Any CPU.Build.0 = Release|Any CPU
	EndGlobalSection
	GlobalSection(SolutionProperties) = preSolution
		HideSolutionNode = FALSE
	EndGlobalSection
	GlobalSection(ExtensibilityGlobals) = postSolution
		SolutionGuid = {42302DEE-33A4-4DB2-88E3-F2BA8C448959}
	EndGlobalSection
EndGlobal
